
Microsoft Visual Studio Solution File, Format Version 12.00
# Visual Studio Version 16
VisualStudioVersion = 16.0.32802.440
MinimumVisualStudioVersion = 10.0.40219.1
Project("{FAE04EC0-301F-11D3-BF4B-00C04F79EFBC}") = "PhotoTransfer", "PhotoTransfer.csproj", "{3675FCA6-A612-45F5-A188-07A8AD7E1CCB}"
EndProject
Global
	GlobalSection(SolutionConfigurationPlatforms) = preSolution
		Debug|Any CPU = Debug|Any CPU
		Release|Any CPU = Release|Any CPU
	EndGlobalSection
	GlobalSection(ProjectConfigurationPlatforms) = postSolution
		{3675FCA6-A612-45F5-A188-07A8AD7E1CCB}.Debug|Any CPU.ActiveCfg = Debug|Any CPU
		{3675FCA6-A612-45F5-A188-07A8AD7E1CCB}.Debug|Any CPU.Build.0 = Debug|Any CPU
		{3675FCA6-A612-45F5-A188-07A8AD7E1CCB}.Release|Any CPU.ActiveCfg = Release|Any CPU
		{3675FCA6-A612-45F5-A188-07A8AD7E1CCB}.Release|Any CPU.Build.0 = Release|Any CPU
	EndGlobalSection
	GlobalSection(SolutionProperties) = preSolution
		HideSolutionNode = FALSE
	EndGlobalSection
	GlobalSection(ExtensibilityGlobals) = postSolution
		SolutionGuid = {2E27F883-451B-4B6A-A3CE-F21492582D60}
	EndGlobalSection
EndGlobal
